<?xml version="1.0" encoding="UTF-8" standalone="yes" ?>
<CodeBlocks_project_file>
	<FileVersion major="1" minor="6" />
	<Project>
		<Option title="simulateur-logique" />
		<Option pch_mode="2" />
		<Option compiler="gcc" />
		<Build>
			<Target title="Debug">
				<Option output="bin/Debug/simulateur-logique" prefix_auto="1" extension_auto="1" />
				<Option object_output="obj/Debug/" />
				<Option type="1" />
				<Option compiler="gcc" />
				<Compiler>
					<Add option="-g" />
					<Add directory="include" />
				</Compiler>
			</Target>
			<Target title="Release">
				<Option output="bin/Release/simulateur-logique" prefix_auto="1" extension_auto="1" />
				<Option object_output="obj/Release/" />
				<Option type="1" />
				<Option compiler="gcc" />
				<Compiler>
					<Add option="-O2" />
					<Add directory="include" />
				</Compiler>
				<Linker>
					<Add option="-s" />
				</Linker>
			</Target>
		</Build>
		<Compiler>
			<Add option="-Wall" />
			<Add option="-fexceptions" />
		</Compiler>
		<Unit filename="include/circuit.h" />
		<Unit filename="include/porte_base.h" />
		<Unit filename="include/porte_et.h" />
		<Unit filename="include/porte_inverse.h" />
		<Unit filename="include/porte_ou.h" />
		<Unit filename="include/vecteurs.h" />
		<Unit filename="main.cpp" />
		<Unit filename="src/circuit.cpp" />
		<Unit filename="src/porte_base.cpp" />
		<Unit filename="src/porte_et.cpp" />
		<Unit filename="src/porte_inverse.cpp" />
		<Unit filename="src/porte_ou.cpp" />
		<Unit filename="src/vecteurs.cpp" />
		<Extensions>
			<code_completion />
			<debugger />
		</Extensions>
	</Project>
</CodeBlocks_project_file>
